
Microsoft Visual Studio Solution File, Format Version 12.00
# Visual Studio Version 17
VisualStudioVersion = 17.14.36603.0 d17.14
MinimumVisualStudioVersion = 10.0.40219.1
Project("{FAE04EC0-301F-11D3-BF4B-00C04F79EFBC}") = "Blood Donation Matcher", "Blood Donation Matcher\Blood Donation Matcher.csproj", "{62EC0483-8905-4B5B-9CCF-6FF00C68111A}"
EndProject
Global
	GlobalSection(SolutionConfigurationPlatforms) = preSolution
		Debug|Any CPU = Debug|Any CPU
		Release|Any CPU = Release|Any CPU
	EndGlobalSection
	GlobalSection(ProjectConfigurationPlatforms) = postSolution
		{62EC0483-8905-4B5B-9CCF-6FF00C68111A}.Debug|Any CPU.ActiveCfg = Debug|Any CPU
		{62EC0483-8905-4B5B-9CCF-6FF00C68111A}.Debug|Any CPU.Build.0 = Debug|Any CPU
		{62EC0483-8905-4B5B-9CCF-6FF00C68111A}.Release|Any CPU.ActiveCfg = Release|Any CPU
		{62EC0483-8905-4B5B-9CCF-6FF00C68111A}.Release|Any CPU.Build.0 = Release|Any CPU
	EndGlobalSection
	GlobalSection(SolutionProperties) = preSolution
		HideSolutionNode = FALSE
	EndGlobalSection
	GlobalSection(ExtensibilityGlobals) = postSolution
		SolutionGuid = {27380684-21D7-4124-8B77-2B7F5CA5D600}
	EndGlobalSection
EndGlobal
